
Microsoft Visual Studio Solution File, Format Version 12.00
# Visual Studio 15
VisualStudioVersion = 15.0.28307.1145
MinimumVisualStudioVersion = 10.0.40219.1
Project("{FAE04EC0-301F-11D3-BF4B-00C04F79EFBC}") = "Neurolink", "Neurolink\Neurolink.csproj", "{BF116588-EB3A-499C-A7D1-DE83C496E930}"
EndProject
Global
	GlobalSection(SolutionConfigurationPlatforms) = preSolution
		Debug|Any CPU = Debug|Any CPU
		Release|Any CPU = Release|Any CPU
	EndGlobalSection
	GlobalSection(ProjectConfigurationPlatforms) = postSolution
		{BF116588-EB3A-499C-A7D1-DE83C496E930}.Debug|Any CPU.ActiveCfg = Debug|Any CPU
		{BF116588-EB3A-499C-A7D1-DE83C496E930}.Debug|Any CPU.Build.0 = Debug|Any CPU
		{BF116588-EB3A-499C-A7D1-DE83C496E930}.Release|Any CPU.ActiveCfg = Release|Any CPU
		{BF116588-EB3A-499C-A7D1-DE83C496E930}.Release|Any CPU.Build.0 = Release|Any CPU
	EndGlobalSection
	GlobalSection(SolutionProperties) = preSolution
		HideSolutionNode = FALSE
	EndGlobalSection
	GlobalSection(ExtensibilityGlobals) = postSolution
		SolutionGuid = {5357BA1C-3285-484D-8A6F-87ED6815998D}
	EndGlobalSection
EndGlobal
